
Microsoft Visual Studio Solution File, Format Version 12.00
# Visual Studio 15
VisualStudioVersion = 15.0.28307.271
MinimumVisualStudioVersion = 10.0.40219.1
Project("{FAE04EC0-301F-11D3-BF4B-00C04F79EFBC}") = "Vidly", "Vidly\Vidly.csproj", "{91DD5685-9BD7-430D-87BF-3642D9B3A2CB}"
EndProject
Global
	GlobalSection(SolutionConfigurationPlatforms) = preSolution
		Debug|Any CPU = Debug|Any CPU
		Release|Any CPU = Release|Any CPU
	EndGlobalSection
	GlobalSection(ProjectConfigurationPlatforms) = postSolution
		{91DD5685-9BD7-430D-87BF-3642D9B3A2CB}.Debug|Any CPU.ActiveCfg = Debug|Any CPU
		{91DD5685-9BD7-430D-87BF-3642D9B3A2CB}.Debug|Any CPU.Build.0 = Debug|Any CPU
		{91DD5685-9BD7-430D-87BF-3642D9B3A2CB}.Release|Any CPU.ActiveCfg = Release|Any CPU
		{91DD5685-9BD7-430D-87BF-3642D9B3A2CB}.Release|Any CPU.Build.0 = Release|Any CPU
	EndGlobalSection
	GlobalSection(SolutionProperties) = preSolution
		HideSolutionNode = FALSE
	EndGlobalSection
	GlobalSection(ExtensibilityGlobals) = postSolution
		SolutionGuid = {C1695472-CD67-4B9B-9044-64F921E62BFB}
	EndGlobalSection
EndGlobal
